
Microsoft Visual Studio Solution File, Format Version 12.00
# Visual Studio Version 17
VisualStudioVersion = 17.10.35027.167
MinimumVisualStudioVersion = 10.0.40219.1
Project("{FAE04EC0-301F-11D3-BF4B-00C04F79EFBC}") = "Google cloud storage solution", "Google cloud storage solution\Google cloud storage solution.csproj", "{EAB7E609-2FC3-48B2-B4CE-7C4A4371B116}"
EndProject
Global
	GlobalSection(SolutionConfigurationPlatforms) = preSolution
		Debug|Any CPU = Debug|Any CPU
		Release|Any CPU = Release|Any CPU
	EndGlobalSection
	GlobalSection(ProjectConfigurationPlatforms) = postSolution
		{EAB7E609-2FC3-48B2-B4CE-7C4A4371B116}.Debug|Any CPU.ActiveCfg = Debug|Any CPU
		{EAB7E609-2FC3-48B2-B4CE-7C4A4371B116}.Debug|Any CPU.Build.0 = Debug|Any CPU
		{EAB7E609-2FC3-48B2-B4CE-7C4A4371B116}.Release|Any CPU.ActiveCfg = Release|Any CPU
		{EAB7E609-2FC3-48B2-B4CE-7C4A4371B116}.Release|Any CPU.Build.0 = Release|Any CPU
	EndGlobalSection
	GlobalSection(SolutionProperties) = preSolution
		HideSolutionNode = FALSE
	EndGlobalSection
	GlobalSection(ExtensibilityGlobals) = postSolution
		SolutionGuid = {1DD7BA0F-2956-413B-A2D2-322340CD9AC0}
	EndGlobalSection
EndGlobal
